
Microsoft Visual Studio Solution File, Format Version 11.00
# Visual Studio 2010
Project("{FAE04EC0-301F-11D3-BF4B-00C04F79EFBC}") = "mscorlib", "mscorlib.csproj", "{E5BBCFCF-437F-41D2-A5FC-0259C64D7580}"
EndProject
Global
	GlobalSection(SolutionConfigurationPlatforms) = preSolution
		Debug|Any CPU = Debug|Any CPU
		Release|Any CPU = Release|Any CPU
	EndGlobalSection
	GlobalSection(ProjectConfigurationPlatforms) = postSolution
		{E5BBCFCF-437F-41D2-A5FC-0259C64D7580}.Debug|Any CPU.ActiveCfg = Debug|Any CPU
		{E5BBCFCF-437F-41D2-A5FC-0259C64D7580}.Debug|Any CPU.Build.0 = Debug|Any CPU
		{E5BBCFCF-437F-41D2-A5FC-0259C64D7580}.Release|Any CPU.ActiveCfg = Release|Any CPU
		{E5BBCFCF-437F-41D2-A5FC-0259C64D7580}.Release|Any CPU.Build.0 = Release|Any CPU
	EndGlobalSection
	GlobalSection(SolutionProperties) = preSolution
		HideSolutionNode = FALSE
	EndGlobalSection
EndGlobal
