
Microsoft Visual Studio Solution File, Format Version 12.00
# Visual Studio 15
VisualStudioVersion = 15.0.27130.2010
MinimumVisualStudioVersion = 10.0.40219.1
Project("{FAE04EC0-301F-11D3-BF4B-00C04F79EFBC}") = "DeleateObjectsPattern", "DeleateObjectsPattern\DeleateObjectsPattern.csproj", "{771B2972-52B3-43E8-8856-91D5DA89BF57}"
EndProject
Global
	GlobalSection(SolutionConfigurationPlatforms) = preSolution
		Debug|Any CPU = Debug|Any CPU
		Release|Any CPU = Release|Any CPU
	EndGlobalSection
	GlobalSection(ProjectConfigurationPlatforms) = postSolution
		{771B2972-52B3-43E8-8856-91D5DA89BF57}.Debug|Any CPU.ActiveCfg = Debug|Any CPU
		{771B2972-52B3-43E8-8856-91D5DA89BF57}.Debug|Any CPU.Build.0 = Debug|Any CPU
		{771B2972-52B3-43E8-8856-91D5DA89BF57}.Release|Any CPU.ActiveCfg = Release|Any CPU
		{771B2972-52B3-43E8-8856-91D5DA89BF57}.Release|Any CPU.Build.0 = Release|Any CPU
	EndGlobalSection
	GlobalSection(SolutionProperties) = preSolution
		HideSolutionNode = FALSE
	EndGlobalSection
	GlobalSection(ExtensibilityGlobals) = postSolution
		SolutionGuid = {14568F77-4DBF-463D-A166-53300DA64CCC}
	EndGlobalSection
EndGlobal
