
Microsoft Visual Studio Solution File, Format Version 12.00
# Visual Studio 15
VisualStudioVersion = 15.0.27130.2010
MinimumVisualStudioVersion = 10.0.40219.1
Project("{FAE04EC0-301F-11D3-BF4B-00C04F79EFBC}") = "SystemCollections", "SystemCollections\SystemCollections.csproj", "{23FA6D69-1AD8-4270-9585-5D333066BD68}"
EndProject
Global
	GlobalSection(SolutionConfigurationPlatforms) = preSolution
		Debug|Any CPU = Debug|Any CPU
		Release|Any CPU = Release|Any CPU
	EndGlobalSection
	GlobalSection(ProjectConfigurationPlatforms) = postSolution
		{23FA6D69-1AD8-4270-9585-5D333066BD68}.Debug|Any CPU.ActiveCfg = Debug|Any CPU
		{23FA6D69-1AD8-4270-9585-5D333066BD68}.Debug|Any CPU.Build.0 = Debug|Any CPU
		{23FA6D69-1AD8-4270-9585-5D333066BD68}.Release|Any CPU.ActiveCfg = Release|Any CPU
		{23FA6D69-1AD8-4270-9585-5D333066BD68}.Release|Any CPU.Build.0 = Release|Any CPU
	EndGlobalSection
	GlobalSection(SolutionProperties) = preSolution
		HideSolutionNode = FALSE
	EndGlobalSection
	GlobalSection(ExtensibilityGlobals) = postSolution
		SolutionGuid = {0BA26B7B-18E0-4CC8-A35C-6D9633A26068}
	EndGlobalSection
EndGlobal
